
Microsoft Visual Studio Solution File, Format Version 12.00
# Visual Studio Version 17
VisualStudioVersion = 17.14.36603.0
MinimumVisualStudioVersion = 10.0.40219.1
Project("{8BC9CEB8-8B4A-11D0-8D11-00A0C91BC942}") = "WinAPI", "WinAPI\WinAPI.vcxproj", "{306774EA-0CDB-4D60-95AC-D8764BF29D9D}"
EndProject
Project("{8BC9CEB8-8B4A-11D0-8D11-00A0C91BC942}") = "ComboBox", "ComboBox\ComboBox.vcxproj", "{6D7AC17C-8CA3-4890-9475-CB0A2F204380}"
EndProject
Project("{8BC9CEB8-8B4A-11D0-8D11-00A0C91BC942}") = "ListBox", "ListBox\ListBox.vcxproj", "{4B572299-8C16-4234-8616-43FB6820C821}"
EndProject
Project("{8BC9CEB8-8B4A-11D0-8D11-00A0C91BC942}") = "MainWindow", "MainWindow\MainWindow.vcxproj", "{75D8A763-E50F-42AA-BD82-F65549AA5F3C}"
EndProject
Project("{8BC9CEB8-8B4A-11D0-8D11-00A0C91BC942}") = "Calc", "Calc\Calc.vcxproj", "{95D2AB0F-6F95-4B7D-83A3-221E7F03163E}"
EndProject
Project("{8BC9CEB8-8B4A-11D0-8D11-00A0C91BC942}") = "Resource-onlyDLL", "Resource-onlyDLL\Resource-onlyDLL.vcxproj", "{4683F407-B059-4788-9748-FB894AE28F05}"
EndProject
Project("{54435603-DBB4-11D2-8724-00A0C9A8B90C}") = "CalcSetup", "CalcSetup\CalcSetup.vdproj", "{9DCE253F-E175-7B89-E1AA-36F45B227300}"
EndProject
Global
	GlobalSection(SolutionConfigurationPlatforms) = preSolution
		Debug|x64 = Debug|x64
		Debug|x86 = Debug|x86
		Release|x64 = Release|x64
		Release|x86 = Release|x86
	EndGlobalSection
	GlobalSection(ProjectConfigurationPlatforms) = postSolution
		{306774EA-0CDB-4D60-95AC-D8764BF29D9D}.Debug|x64.ActiveCfg = Debug|x64
		{306774EA-0CDB-4D60-95AC-D8764BF29D9D}.Debug|x64.Build.0 = Debug|x64
		{306774EA-0CDB-4D60-95AC-D8764BF29D9D}.Debug|x86.ActiveCfg = Debug|Win32
		{306774EA-0CDB-4D60-95AC-D8764BF29D9D}.Debug|x86.Build.0 = Debug|Win32
		{306774EA-0CDB-4D60-95AC-D8764BF29D9D}.Release|x64.ActiveCfg = Release|x64
		{306774EA-0CDB-4D60-95AC-D8764BF29D9D}.Release|x64.Build.0 = Release|x64
		{306774EA-0CDB-4D60-95AC-D8764BF29D9D}.Release|x86.ActiveCfg = Release|Win32
		{306774EA-0CDB-4D60-95AC-D8764BF29D9D}.Release|x86.Build.0 = Release|Win32
		{6D7AC17C-8CA3-4890-9475-CB0A2F204380}.Debug|x64.ActiveCfg = Debug|x64
		{6D7AC17C-8CA3-4890-9475-CB0A2F204380}.Debug|x64.Build.0 = Debug|x64
		{6D7AC17C-8CA3-4890-9475-CB0A2F204380}.Debug|x86.ActiveCfg = Debug|Win32
		{6D7AC17C-8CA3-4890-9475-CB0A2F204380}.Debug|x86.Build.0 = Debug|Win32
		{6D7AC17C-8CA3-4890-9475-CB0A2F204380}.Release|x64.ActiveCfg = Release|x64
		{6D7AC17C-8CA3-4890-9475-CB0A2F204380}.Release|x64.Build.0 = Release|x64
		{6D7AC17C-8CA3-4890-9475-CB0A2F204380}.Release|x86.ActiveCfg = Release|Win32
		{6D7AC17C-8CA3-4890-9475-CB0A2F204380}.Release|x86.Build.0 = Release|Win32
		{4B572299-8C16-4234-8616-43FB6820C821}.Debug|x64.ActiveCfg = Debug|x64
		{4B572299-8C16-4234-8616-43FB6820C821}.Debug|x64.Build.0 = Debug|x64
		{4B572299-8C16-4234-8616-43FB6820C821}.Debug|x86.ActiveCfg = Debug|Win32
		{4B572299-8C16-4234-8616-43FB6820C821}.Debug|x86.Build.0 = Debug|Win32
		{4B572299-8C16-4234-8616-43FB6820C821}.Release|x64.ActiveCfg = Release|x64
		{4B572299-8C16-4234-8616-43FB6820C821}.Release|x64.Build.0 = Release|x64
		{4B572299-8C16-4234-8616-43FB6820C821}.Release|x86.ActiveCfg = Release|Win32
		{4B572299-8C16-4234-8616-43FB6820C821}.Release|x86.Build.0 = Release|Win32
		{75D8A763-E50F-42AA-BD82-F65549AA5F3C}.Debug|x64.ActiveCfg = Debug|x64
		{75D8A763-E50F-42AA-BD82-F65549AA5F3C}.Debug|x64.Build.0 = Debug|x64
		{75D8A763-E50F-42AA-BD82-F65549AA5F3C}.Debug|x86.ActiveCfg = Debug|Win32
		{75D8A763-E50F-42AA-BD82-F65549AA5F3C}.Debug|x86.Build.0 = Debug|Win32
		{75D8A763-E50F-42AA-BD82-F65549AA5F3C}.Release|x64.ActiveCfg = Release|x64
		{75D8A763-E50F-42AA-BD82-F65549AA5F3C}.Release|x64.Build.0 = Release|x64
		{75D8A763-E50F-42AA-BD82-F65549AA5F3C}.Release|x86.ActiveCfg = Release|Win32
		{75D8A763-E50F-42AA-BD82-F65549AA5F3C}.Release|x86.Build.0 = Release|Win32
		{95D2AB0F-6F95-4B7D-83A3-221E7F03163E}.Debug|x64.ActiveCfg = Debug|x64
		{95D2AB0F-6F95-4B7D-83A3-221E7F03163E}.Debug|x64.Build.0 = Debug|x64
		{95D2AB0F-6F95-4B7D-83A3-221E7F03163E}.Debug|x86.ActiveCfg = Debug|Win32
		{95D2AB0F-6F95-4B7D-83A3-221E7F03163E}.Debug|x86.Build.0 = Debug|Win32
		{95D2AB0F-6F95-4B7D-83A3-221E7F03163E}.Release|x64.ActiveCfg = Release|x64
		{95D2AB0F-6F95-4B7D-83A3-221E7F03163E}.Release|x64.Build.0 = Release|x64
		{95D2AB0F-6F95-4B7D-83A3-221E7F03163E}.Release|x86.ActiveCfg = Release|Win32
		{95D2AB0F-6F95-4B7D-83A3-221E7F03163E}.Release|x86.Build.0 = Release|Win32
		{4683F407-B059-4788-9748-FB894AE28F05}.Debug|x64.ActiveCfg = Debug|x64
		{4683F407-B059-4788-9748-FB894AE28F05}.Debug|x64.Build.0 = Debug|x64
		{4683F407-B059-4788-9748-FB894AE28F05}.Debug|x86.ActiveCfg = Debug|Win32
		{4683F407-B059-4788-9748-FB894AE28F05}.Debug|x86.Build.0 = Debug|Win32
		{4683F407-B059-4788-9748-FB894AE28F05}.Release|x64.ActiveCfg = Release|x64
		{4683F407-B059-4788-9748-FB894AE28F05}.Release|x64.Build.0 = Release|x64
		{4683F407-B059-4788-9748-FB894AE28F05}.Release|x86.ActiveCfg = Release|Win32
		{4683F407-B059-4788-9748-FB894AE28F05}.Release|x86.Build.0 = Release|Win32
		{9DCE253F-E175-7B89-E1AA-36F45B227300}.Debug|x64.ActiveCfg = Debug
		{9DCE253F-E175-7B89-E1AA-36F45B227300}.Debug|x86.ActiveCfg = Debug
		{9DCE253F-E175-7B89-E1AA-36F45B227300}.Release|x64.ActiveCfg = Release
		{9DCE253F-E175-7B89-E1AA-36F45B227300}.Release|x86.ActiveCfg = Release
	EndGlobalSection
	GlobalSection(SolutionProperties) = preSolution
		HideSolutionNode = FALSE
	EndGlobalSection
	GlobalSection(ExtensibilityGlobals) = postSolution
		SolutionGuid = {D048C4E2-8DB3-4222-8C94-E5A27EA7DBC3}
	EndGlobalSection
EndGlobal
